// !$*UTF8*$!
{
	archiveVersion = 1;
	classes = {
	};
	objectVersion = 50;
	objects = {

/* Begin PBXBuildFile section */
		526AB1032560318700539834 /* AppDelegate.swift in Sources */ = {isa = PBXBuildFile; fileRef = 526AB1022560318700539834 /* AppDelegate.swift */; };
		526AB1052560318700539834 /* SceneDelegate.swift in Sources */ = {isa = PBXBuildFile; fileRef = 526AB1042560318700539834 /* SceneDelegate.swift */; };
		526AB1072560318700539834 /* ViewController.swift in Sources */ = {isa = PBXBuildFile; fileRef = 526AB1062560318700539834 /* ViewController.swift */; };
		526AB10A2560318700539834 /* Main.storyboard in Resources */ = {isa = PBXBuildFile; fileRef = 526AB1082560318700539834 /* Main.storyboard */; };
		526AB10C2560318900539834 /* Assets.xcassets in Resources */ = {isa = PBXBuildFile; fileRef = 526AB10B2560318900539834 /* Assets.xcassets */; };
		526AB10F2560318900539834 /* LaunchScreen.storyboard in Resources */ = {isa = PBXBuildFile; fileRef = 526AB10D2560318900539834 /* LaunchScreen.storyboard */; };
		526AB11D256031B500539834 /* StackCell.swift in Sources */ = {isa = PBXBuildFile; fileRef = 526AB11B256031B500539834 /* StackCell.swift */; };
		526AB11E256031B500539834 /* StackCell.xib in Resources */ = {isa = PBXBuildFile; fileRef = 526AB11C256031B500539834 /* StackCell.xib */; };
/* End PBXBuildFile section */

/* Begin PBXFileReference section */
		526AB0FF2560318700539834 /* SmartStackUI.app */ = {isa = PBXFileReference; explicitFileType = wrapper.application; includeInIndex = 0; path = SmartStackUI.app; sourceTree = BUILT_PRODUCTS_DIR; };
		526AB1022560318700539834 /* AppDelegate.swift */ = {isa = PBXFileReference; lastKnownFileType = sourcecode.swift; path = AppDelegate.swift; sourceTree = "<group>"; };
		526AB1042560318700539834 /* SceneDelegate.swift */ = {isa = PBXFileReference; lastKnownFileType = sourcecode.swift; path = SceneDelegate.swift; sourceTree = "<group>"; };
		526AB1062560318700539834 /* ViewController.swift */ = {isa = PBXFileReference; lastKnownFileType = sourcecode.swift; path = ViewController.swift; sourceTree = "<group>"; };
		526AB1092560318700539834 /* Base */ = {isa = PBXFileReference; lastKnownFileType = file.storyboard; name = Base; path = Base.lproj/Main.storyboard; sourceTree = "<group>"; };
		526AB10B2560318900539834 /* Assets.xcassets */ = {isa = PBXFileReference; lastKnownFileType = folder.assetcatalog; path = Assets.xcassets; sourceTree = "<group>"; };
		526AB10E2560318900539834 /* Base */ = {isa = PBXFileReference; lastKnownFileType = file.storyboard; name = Base; path = Base.lproj/LaunchScreen.storyboard; sourceTree = "<group>"; };
		526AB1102560318900539834 /* Info.plist */ = {isa = PBXFileReference; lastKnownFileType = text.plist.xml; path = Info.plist; sourceTree = "<group>"; };
		526AB11B256031B500539834 /* StackCell.swift */ = {isa = PBXFileReference; lastKnownFileType = sourcecode.swift; path = StackCell.swift; sourceTree = "<group>"; };
		526AB11C256031B500539834 /* StackCell.xib */ = {isa = PBXFileReference; lastKnownFileType = file.xib; path = StackCell.xib; sourceTree = "<group>"; };
/* End PBXFileReference section */

/* Begin PBXFrameworksBuildPhase section */
		526AB0FC2560318700539834 /* Frameworks */ = {
			isa = PBXFrameworksBuildPhase;
			buildActionMask = 2147483647;
			files = (
			);
			runOnlyForDeploymentPostprocessing = 0;
		};
/* End PBXFrameworksBuildPhase section */

/* Begin PBXGroup section */
		526AB0F62560318700539834 = {
			isa = PBXGroup;
			children = (
				526AB1012560318700539834 /* SmartStackUI */,
				526AB1002560318700539834 /* Products */,
			);
			sourceTree = "<group>";
		};
		526AB1002560318700539834 /* Products */ = {
			isa = PBXGroup;
			children = (
				526AB0FF2560318700539834 /* SmartStackUI.app */,
			);
			name = Products;
			sourceTree = "<group>";
		};
		526AB1012560318700539834 /* SmartStackUI */ = {
			isa = PBXGroup;
			children = (
				526AB1022560318700539834 /* AppDelegate.swift */,
				526AB1042560318700539834 /* SceneDelegate.swift */,
				526AB1062560318700539834 /* ViewController.swift */,
				526AB1082560318700539834 /* Main.storyboard */,
				526AB10B2560318900539834 /* Assets.xcassets */,
				526AB10D2560318900539834 /* LaunchScreen.storyboard */,
				526AB1102560318900539834 /* Info.plist */,
				526AB11B256031B500539834 /* StackCell.swift */,
				526AB11C256031B500539834 /* StackCell.xib */,
			);
			path = SmartStackUI;
			sourceTree = "<group>";
		};
/* End PBXGroup section */

/* Begin PBXNativeTarget section */
		526AB0FE2560318700539834 /* SmartStackUI */ = {
			isa = PBXNativeTarget;
			buildConfigurationList = 526AB1132560318900539834 /* Build configuration list for PBXNativeTarget "SmartStackUI" */;
			buildPhases = (
				526AB0FB2560318700539834 /* Sources */,
				526AB0FC2560318700539834 /* Frameworks */,
				526AB0FD2560318700539834 /* Resources */,
			);
			buildRules = (
			);
			dependencies = (
			);
			name = SmartStackUI;
			productName = SmartStackUI;
			productReference = 526AB0FF2560318700539834 /* SmartStackUI.app */;
			productType = "com.apple.product-type.application";
		};
/* End PBXNativeTarget section */

/* Begin PBXProject section */
		526AB0F72560318700539834 /* Project object */ = {
			isa = PBXProject;
			attributes = {
				LastSwiftUpdateCheck = 1200;
				LastUpgradeCheck = 1200;
				TargetAttributes = {
					526AB0FE2560318700539834 = {
						CreatedOnToolsVersion = 12.0.1;
					};
				};
			};
			buildConfigurationList = 526AB0FA2560318700539834 /* Build configuration list for PBXProject "SmartStackUI" */;
			compatibilityVersion = "Xcode 9.3";
			developmentRegion = en;
			hasScannedForEncodings = 0;
			knownRegions = (
				en,
				Base,
			);
			mainGroup = 526AB0F62560318700539834;
			productRefGroup = 526AB1002560318700539834 /* Products */;
			projectDirPath = "";
			projectRoot = "";
			targets = (
				526AB0FE2560318700539834 /* SmartStackUI */,
			);
		};
/* End PBXProject section */

/* Begin PBXResourcesBuildPhase section */
		526AB0FD2560318700539834 /* Resources */ = {
			isa = PBXResourcesBuildPhase;
			buildActionMask = 2147483647;
			files = (
				526AB11E256031B500539834 /* StackCell.xib in Resources */,
				526AB10F2560318900539834 /* LaunchScreen.storyboard in Resources */,
				526AB10C2560318900539834 /* Assets.xcassets in Resources */,
				526AB10A2560318700539834 /* Main.storyboard in Resources */,
			);
			runOnlyForDeploymentPostprocessing = 0;
		};
/* End PBXResourcesBuildPhase section */

/* Begin PBXSourcesBuildPhase section */
		526AB0FB2560318700539834 /* Sources */ = {
			isa = PBXSourcesBuildPhase;
			buildActionMask = 2147483647;
			files = (
				526AB11D256031B500539834 /* StackCell.swift in Sources */,
				526AB1072560318700539834 /* ViewController.swift in Sources */,
				526AB1032560318700539834 /* AppDelegate.swift in Sources */,
				526AB1052560318700539834 /* SceneDelegate.swift in Sources */,
			);
			runOnlyForDeploymentPostprocessing = 0;
		};
/* End PBXSourcesBuildPhase section */

/* Begin PBXVariantGroup section */
		526AB1082560318700539834 /* Main.storyboard */ = {
			isa = PBXVariantGroup;
			children = (
				526AB1092560318700539834 /* Base */,
			);
			name = Main.storyboard;
			sourceTree = "<group>";
		};
		526AB10D2560318900539834 /* LaunchScreen.storyboard */ = {
			isa = PBXVariantGroup;
			children = (
				526AB10E2560318900539834 /* Base */,
			);
			name = LaunchScreen.storyboard;
			sourceTree = "<group>";
		};
/* End PBXVariantGroup section */

/* Begin XCBuildConfiguration section */
		526AB1112560318900539834 /* Debug */ = {
			isa = XCBuildConfiguration;
			buildSettings = {
				ALWAYS_SEARCH_USER_PATHS = NO;
				CLANG_ANALYZER_NONNULL = YES;
				CLANG_ANALYZER_NUMBER_OBJECT_CONVERSION = YES_AGGRESSIVE;
				CLANG_CXX_LANGUAGE_STANDARD = "gnu++14";
				CLANG_CXX_LIBRARY = "libc++";
				CLANG_ENABLE_MODULES = YES;
				CLANG_ENABLE_OBJC_ARC = YES;
				CLANG_ENABLE_OBJC_WEAK = YES;
				CLANG_WARN_BLOCK_CAPTURE_AUTORELEASING = YES;
				CLANG_WARN_BOOL_CONVERSION = YES;
				CLANG_WARN_COMMA = YES;
				CLANG_WARN_CONSTANT_CONVERSION = YES;
				CLANG_WARN_DEPRECATED_OBJC_IMPLEMENTATIONS = YES;
				CLANG_WARN_DIRECT_OBJC_ISA_USAGE = YES_ERROR;
				CLANG_WARN_DOCUMENTATION_COMMENTS = YES;
				CLANG_WARN_EMPTY_BODY = YES;
				CLANG_WARN_ENUM_CONVERSION = YES;
				CLANG_WARN_INFINITE_RECURSION = YES;
				CLANG_WARN_INT_CONVERSION = YES;
				CLANG_WARN_NON_LITERAL_NULL_CONVERSION = YES;
				CLANG_WARN_OBJC_IMPLICIT_RETAIN_SELF = YES;
				CLANG_WARN_OBJC_LITERAL_CONVERSION = YES;
				CLANG_WARN_OBJC_ROOT_CLASS = YES_ERROR;
				CLANG_WARN_QUOTED_INCLUDE_IN_FRAMEWORK_HEADER = YES;
				CLANG_WARN_RANGE_LOOP_ANALYSIS = YES;
				CLANG_WARN_STRICT_PROTOTYPES = YES;
				CLANG_WARN_SUSPICIOUS_MOVE = YES;
				CLANG_WARN_UNGUARDED_AVAILABILITY = YES_AGGRESSIVE;
				CLANG_WARN_UNREACHABLE_CODE = YES;
				CLANG_WARN__DUPLICATE_METHOD_MATCH = YES;
				COPY_PHASE_STRIP = NO;
				DEBUG_INFORMATION_FORMAT = dwarf;
				ENABLE_STRICT_OBJC_MSGSEND = YES;
				ENABLE_TESTABILITY = YES;
				GCC_C_LANGUAGE_STANDARD = gnu11;
				GCC_DYNAMIC_NO_PIC = NO;
				GCC_NO_COMMON_BLOCKS = YES;
				GCC_OPTIMIZATION_LEVEL = 0;
				GCC_PREPROCESSOR_DEFINITIONS = (
					"DEBUG=1",
					"$(inherited)",
				);
				GCC_WARN_64_TO_32_BIT_CONVERSION = YES;
				GCC_WARN_ABOUT_RETURN_TYPE = YES_ERROR;
				GCC_WARN_UNDECLARED_SELECTOR = YES;
				GCC_WARN_UNINITIALIZED_AUTOS = YES_AGGRESSIVE;
				GCC_WARN_UNUSED_FUNCTION = YES;
				GCC_WARN_UNUSED_VARIABLE = YES;
				IPHONEOS_DEPLOYMENT_TARGET = 14.0;
				MTL_ENABLE_DEBUG_INFO = INCLUDE_SOURCE;
				MTL_FAST_MATH = YES;
				ONLY_ACTIVE_ARCH = YES;
				SDKROOT = iphoneos;
				SWIFT_ACTIVE_COMPILATION_CONDITIONS = DEBUG;
				SWIFT_OPTIMIZATION_LEVEL = "-Onone";
			};
			name = Debug;
		};
		526AB1122560318900539834 /* Release */ = {
			isa = XCBuildConfiguration;
			buildSettings = {
				ALWAYS_SEARCH_USER_PATHS = NO;
				CLANG_ANALYZER_NONNULL = YES;
				CLANG_ANALYZER_NUMBER_OBJECT_CONVERSION = YES_AGGRESSIVE;
				CLANG_CXX_LANGUAGE_STANDARD = "gnu++14";
				CLANG_CXX_LIBRARY = "libc++";
				CLANG_ENABLE_MODULES = YES;
				CLANG_ENABLE_OBJC_ARC = YES;
				CLANG_ENABLE_OBJC_WEAK = YES;
				CLANG_WARN_BLOCK_CAPTURE_AUTORELEASING = YES;
				CLANG_WARN_BOOL_CONVERSION = YES;
				CLANG_WARN_COMMA = YES;
				CLANG_WARN_CONSTANT_CONVERSION = YES;
				CLANG_WARN_DEPRECATED_OBJC_IMPLEMENTATIONS = YES;
				CLANG_WARN_DIRECT_OBJC_ISA_USAGE = YES_ERROR;
				CLANG_WARN_DOCUMENTATION_COMMENTS = YES;
				CLANG_WARN_EMPTY_BODY = YES;
				CLANG_WARN_ENUM_CONVERSION = YES;
				CLANG_WARN_INFINITE_RECURSION = YES;
				CLANG_WARN_INT_CONVERSION = YES;
				CLANG_WARN_NON_LITERAL_NULL_CONVERSION = YES;
				CLANG_WARN_OBJC_IMPLICIT_RETAIN_SELF = YES;
				CLANG_WARN_OBJC_LITERAL_CONVERSION = YES;
				CLANG_WARN_OBJC_ROOT_CLASS = YES_ERROR;
				CLANG_WARN_QUOTED_INCLUDE_IN_FRAMEWORK_HEADER = YES;
				CLANG_WARN_RANGE_LOOP_ANALYSIS = YES;
				CLANG_WARN_STRICT_PROTOTYPES = YES;
				CLANG_WARN_SUSPICIOUS_MOVE = YES;
				CLANG_WARN_UNGUARDED_AVAILABILITY = YES_AGGRESSIVE;
				CLANG_WARN_UNREACHABLE_CODE = YES;
				CLANG_WARN__DUPLICATE_METHOD_MATCH = YES;
				COPY_PHASE_STRIP = NO;
				DEBUG_INFORMATION_FORMAT = "dwarf-with-dsym";
				ENABLE_NS_ASSERTIONS = NO;
				ENABLE_STRICT_OBJC_MSGSEND = YES;
				GCC_C_LANGUAGE_STANDARD = gnu11;
				GCC_NO_COMMON_BLOCKS = YES;
				GCC_WARN_64_TO_32_BIT_CONVERSION = YES;
				GCC_WARN_ABOUT_RETURN_TYPE = YES_ERROR;
				GCC_WARN_UNDECLARED_SELECTOR = YES;
				GCC_WARN_UNINITIALIZED_AUTOS = YES_AGGRESSIVE;
				GCC_WARN_UNUSED_FUNCTION = YES;
				GCC_WARN_UNUSED_VARIABLE = YES;
				IPHONEOS_DEPLOYMENT_TARGET = 14.0;
				MTL_ENABLE_DEBUG_INFO = NO;
				MTL_FAST_MATH = YES;
				SDKROOT = iphoneos;
				SWIFT_COMPILATION_MODE = wholemodule;
				SWIFT_OPTIMIZATION_LEVEL = "-O";
				VALIDATE_PRODUCT = YES;
			};
			name = Release;
		};
		526AB1142560318900539834 /* Debug */ = {
			isa = XCBuildConfiguration;
			buildSettings = {
				ASSETCATALOG_COMPILER_APPICON_NAME = AppIcon;
				ASSETCATALOG_COMPILER_GLOBAL_ACCENT_COLOR_NAME = AccentColor;
				CODE_SIGN_STYLE = Automatic;
				DEVELOPMENT_TEAM = U6JP7S27NV;
				INFOPLIST_FILE = SmartStackUI/Info.plist;
				LD_RUNPATH_SEARCH_PATHS = (
					"$(inherited)",
					"@executable_path/Frameworks",
				);
				PRODUCT_BUNDLE_IDENTIFIER = com.shiba.SmartStackUI;
				PRODUCT_NAME = "$(TARGET_NAME)";
				SWIFT_VERSION = 5.0;
				TARGETED_DEVICE_FAMILY = "1,2";
			};
			name = Debug;
		};
		526AB1152560318900539834 /* Release */ = {
			isa = XCBuildConfiguration;
			buildSettings = {
				ASSETCATALOG_COMPILER_APPICON_NAME = AppIcon;
				ASSETCATALOG_COMPILER_GLOBAL_ACCENT_COLOR_NAME = AccentColor;
				CODE_SIGN_STYLE = Automatic;
				DEVELOPMENT_TEAM = U6JP7S27NV;
				INFOPLIST_FILE = SmartStackUI/Info.plist;
				LD_RUNPATH_SEARCH_PATHS = (
					"$(inherited)",
					"@executable_path/Frameworks",
				);
				PRODUCT_BUNDLE_IDENTIFIER = com.shiba.SmartStackUI;
				PRODUCT_NAME = "$(TARGET_NAME)";
				SWIFT_VERSION = 5.0;
				TARGETED_DEVICE_FAMILY = "1,2";
			};
			name = Release;
		};
/* End XCBuildConfiguration section */

/* Begin XCConfigurationList section */
		526AB0FA2560318700539834 /* Build configuration list for PBXProject "SmartStackUI" */ = {
			isa = XCConfigurationList;
			buildConfigurations = (
				526AB1112560318900539834 /* Debug */,
				526AB1122560318900539834 /* Release */,
			);
			defaultConfigurationIsVisible = 0;
			defaultConfigurationName = Release;
		};
		526AB1132560318900539834 /* Build configuration list for PBXNativeTarget "SmartStackUI" */ = {
			isa = XCConfigurationList;
			buildConfigurations = (
				526AB1142560318900539834 /* Debug */,
				526AB1152560318900539834 /* Release */,
			);
			defaultConfigurationIsVisible = 0;
			defaultConfigurationName = Release;
		};
/* End XCConfigurationList section */
	};
	rootObject = 526AB0F72560318700539834 /* Project object */;
}
